// !$*UTF8*$!
{
	archiveVersion = 1;
	classes = {
	};
	objectVersion = 51;
	objects = {

/* Begin PBXBuildFile section */
		530AE23A22ED071A000A7B1C /* HotlineListTableViewController.swift in Sources */ = {isa = PBXBuildFile; fileRef = 530AE23922ED071A000A7B1C /* HotlineListTableViewController.swift */; };
		530AE23C22EDFB4F000A7B1C /* HotlineTableViewCell.swift in Sources */ = {isa = PBXBuildFile; fileRef = 530AE23B22EDFB4F000A7B1C /* HotlineTableViewCell.swift */; };
		530AE23E22EE3545000A7B1C /* LocationsViewController.swift in Sources */ = {isa = PBXBuildFile; fileRef = 530AE23D22EE3545000A7B1C /* LocationsViewController.swift */; };
		5313C04022F1F0C500BD2039 /* RecordingListViewController.swift in Sources */ = {isa = PBXBuildFile; fileRef = 5313C03F22F1F0C500BD2039 /* RecordingListViewController.swift */; };
		5313C04222F1F0D100BD2039 /* RecorderViewController.swift in Sources */ = {isa = PBXBuildFile; fileRef = 5313C04122F1F0D100BD2039 /* RecorderViewController.swift */; };
		533F5CE022F25FA200275DCE /* PhotoSelectorViewController.swift in Sources */ = {isa = PBXBuildFile; fileRef = 533F5CDF22F25FA200275DCE /* PhotoSelectorViewController.swift */; };
		533F5CE222F2621F00275DCE /* AddTodaysNoteViewController.swift in Sources */ = {isa = PBXBuildFile; fileRef = 533F5CE122F2621F00275DCE /* AddTodaysNoteViewController.swift */; };
		533F5CE622F34A2300275DCE /* Date+TimeFormatter.swift in Sources */ = {isa = PBXBuildFile; fileRef = 533F5CE522F34A2300275DCE /* Date+TimeFormatter.swift */; };
		533F5CE822F34AA000275DCE /* AudioVisualizerContainerView.swift in Sources */ = {isa = PBXBuildFile; fileRef = 533F5CE722F34AA000275DCE /* AudioVisualizerContainerView.swift */; };
		533F5CEA22F34F5500275DCE /* CustomUIExtensions.swift in Sources */ = {isa = PBXBuildFile; fileRef = 533F5CE922F34F5500275DCE /* CustomUIExtensions.swift */; };
		533F5CEC22F395C100275DCE /* CustomSegues.swift in Sources */ = {isa = PBXBuildFile; fileRef = 533F5CEB22F395C100275DCE /* CustomSegues.swift */; };
		533F5CF022F39F1C00275DCE /* SignInViewController.swift in Sources */ = {isa = PBXBuildFile; fileRef = 533F5CEF22F39F1C00275DCE /* SignInViewController.swift */; };
		533F5CF522F3B68200275DCE /* PhotosViewController.swift in Sources */ = {isa = PBXBuildFile; fileRef = 533F5CF422F3B68200275DCE /* PhotosViewController.swift */; };
		533F5CF722F3BDF300275DCE /* PhotoCollectionViewCell.swift in Sources */ = {isa = PBXBuildFile; fileRef = 533F5CF622F3BDF300275DCE /* PhotoCollectionViewCell.swift */; };
		533F5CF922F3C89B00275DCE /* PhotoPopupViewController.swift in Sources */ = {isa = PBXBuildFile; fileRef = 533F5CF822F3C89B00275DCE /* PhotoPopupViewController.swift */; };
		533F5CFD22F3FF5A00275DCE /* Locations.swift in Sources */ = {isa = PBXBuildFile; fileRef = 533F5CFC22F3FF5A00275DCE /* Locations.swift */; };
		537B9A1822E6C06E002FF393 /* AppDelegate.swift in Sources */ = {isa = PBXBuildFile; fileRef = 537B9A1722E6C06E002FF393 /* AppDelegate.swift */; };
		537B9A1D22E6C06E002FF393 /* Main.storyboard in Resources */ = {isa = PBXBuildFile; fileRef = 537B9A1B22E6C06E002FF393 /* Main.storyboard */; };
		537B9A1F22E6C06F002FF393 /* Assets.xcassets in Resources */ = {isa = PBXBuildFile; fileRef = 537B9A1E22E6C06F002FF393 /* Assets.xcassets */; };
		537B9A2222E6C06F002FF393 /* LaunchScreen.storyboard in Resources */ = {isa = PBXBuildFile; fileRef = 537B9A2022E6C06F002FF393 /* LaunchScreen.storyboard */; };
		53AB0F2B22EF6AEB00947AB1 /* RecordAudioViewController.swift in Sources */ = {isa = PBXBuildFile; fileRef = 53AB0F2A22EF6AEB00947AB1 /* RecordAudioViewController.swift */; };
		53E67B6822EA12DE006DA3AF /* User.swift in Sources */ = {isa = PBXBuildFile; fileRef = 53E67B6722EA12DE006DA3AF /* User.swift */; };
		53E67B6A22EA12E8006DA3AF /* UserController.swift in Sources */ = {isa = PBXBuildFile; fileRef = 53E67B6922EA12E8006DA3AF /* UserController.swift */; };
		53E67B6C22EA133D006DA3AF /* Note.swift in Sources */ = {isa = PBXBuildFile; fileRef = 53E67B6B22EA133D006DA3AF /* Note.swift */; };
		53E67B6E22EA1346006DA3AF /* NoteController.swift in Sources */ = {isa = PBXBuildFile; fileRef = 53E67B6D22EA1346006DA3AF /* NoteController.swift */; };
		53E67B7022EA2C6A006DA3AF /* LocationPopupViewController.swift in Sources */ = {isa = PBXBuildFile; fileRef = 53E67B6F22EA2C6A006DA3AF /* LocationPopupViewController.swift */; };
		53E67B7222EA4080006DA3AF /* Hotine.swift in Sources */ = {isa = PBXBuildFile; fileRef = 53E67B7122EA4080006DA3AF /* Hotine.swift */; };
		53E67B7422EA5633006DA3AF /* HotlineController.swift in Sources */ = {isa = PBXBuildFile; fileRef = 53E67B7322EA5633006DA3AF /* HotlineController.swift */; };
		53E67B7622EB7734006DA3AF /* FirebaseController.swift in Sources */ = {isa = PBXBuildFile; fileRef = 53E67B7522EB7734006DA3AF /* FirebaseController.swift */; };
		53E67B7A22EB886E006DA3AF /* GoogleService-Info.plist in Resources */ = {isa = PBXBuildFile; fileRef = 53E67B7922EB886E006DA3AF /* GoogleService-Info.plist */; };
		B31DEA967D356C1271023B9C /* Pods_Today.framework in Frameworks */ = {isa = PBXBuildFile; fileRef = 955EA95FA1038E9ED048BFF4 /* Pods_Today.framework */; };
/* End PBXBuildFile section */

/* Begin PBXFileReference section */
		4810975F49F335030822E3AC /* Pods-Today.release.xcconfig */ = {isa = PBXFileReference; includeInIndex = 1; lastKnownFileType = text.xcconfig; name = "Pods-Today.release.xcconfig"; path = "Target Support Files/Pods-Today/Pods-Today.release.xcconfig"; sourceTree = "<group>"; };
		530AE23922ED071A000A7B1C /* HotlineListTableViewController.swift */ = {isa = PBXFileReference; lastKnownFileType = sourcecode.swift; path = HotlineListTableViewController.swift; sourceTree = "<group>"; };
		530AE23B22EDFB4F000A7B1C /* HotlineTableViewCell.swift */ = {isa = PBXFileReference; lastKnownFileType = sourcecode.swift; path = HotlineTableViewCell.swift; sourceTree = "<group>"; };
		530AE23D22EE3545000A7B1C /* LocationsViewController.swift */ = {isa = PBXFileReference; lastKnownFileType = sourcecode.swift; path = LocationsViewController.swift; sourceTree = "<group>"; };
		5313C03F22F1F0C500BD2039 /* RecordingListViewController.swift */ = {isa = PBXFileReference; lastKnownFileType = sourcecode.swift; path = RecordingListViewController.swift; sourceTree = "<group>"; };
		5313C04122F1F0D100BD2039 /* RecorderViewController.swift */ = {isa = PBXFileReference; lastKnownFileType = sourcecode.swift; path = RecorderViewController.swift; sourceTree = "<group>"; };
		533F5CDF22F25FA200275DCE /* PhotoSelectorViewController.swift */ = {isa = PBXFileReference; lastKnownFileType = sourcecode.swift; path = PhotoSelectorViewController.swift; sourceTree = "<group>"; };
		533F5CE122F2621F00275DCE /* AddTodaysNoteViewController.swift */ = {isa = PBXFileReference; lastKnownFileType = sourcecode.swift; path = AddTodaysNoteViewController.swift; sourceTree = "<group>"; };
		533F5CE522F34A2300275DCE /* Date+TimeFormatter.swift */ = {isa = PBXFileReference; lastKnownFileType = sourcecode.swift; path = "Date+TimeFormatter.swift"; sourceTree = "<group>"; };
		533F5CE722F34AA000275DCE /* AudioVisualizerContainerView.swift */ = {isa = PBXFileReference; lastKnownFileType = sourcecode.swift; path = AudioVisualizerContainerView.swift; sourceTree = "<group>"; };
		533F5CE922F34F5500275DCE /* CustomUIExtensions.swift */ = {isa = PBXFileReference; lastKnownFileType = sourcecode.swift; path = CustomUIExtensions.swift; sourceTree = "<group>"; };
		533F5CEB22F395C100275DCE /* CustomSegues.swift */ = {isa = PBXFileReference; lastKnownFileType = sourcecode.swift; path = CustomSegues.swift; sourceTree = "<group>"; };
		533F5CEF22F39F1C00275DCE /* SignInViewController.swift */ = {isa = PBXFileReference; lastKnownFileType = sourcecode.swift; path = SignInViewController.swift; sourceTree = "<group>"; };
		533F5CF422F3B68200275DCE /* PhotosViewController.swift */ = {isa = PBXFileReference; lastKnownFileType = sourcecode.swift; path = PhotosViewController.swift; sourceTree = "<group>"; };
		533F5CF622F3BDF300275DCE /* PhotoCollectionViewCell.swift */ = {isa = PBXFileReference; lastKnownFileType = sourcecode.swift; path = PhotoCollectionViewCell.swift; sourceTree = "<group>"; };
		533F5CF822F3C89B00275DCE /* PhotoPopupViewController.swift */ = {isa = PBXFileReference; lastKnownFileType = sourcecode.swift; path = PhotoPopupViewController.swift; sourceTree = "<group>"; };
		533F5CFC22F3FF5A00275DCE /* Locations.swift */ = {isa = PBXFileReference; lastKnownFileType = sourcecode.swift; path = Locations.swift; sourceTree = "<group>"; };
		537B9A1422E6C06E002FF393 /* Today.app */ = {isa = PBXFileReference; explicitFileType = wrapper.application; includeInIndex = 0; path = Today.app; sourceTree = BUILT_PRODUCTS_DIR; };
		537B9A1722E6C06E002FF393 /* AppDelegate.swift */ = {isa = PBXFileReference; lastKnownFileType = sourcecode.swift; path = AppDelegate.swift; sourceTree = "<group>"; };
		537B9A1C22E6C06E002FF393 /* Base */ = {isa = PBXFileReference; lastKnownFileType = file.storyboard; name = Base; path = Base.lproj/Main.storyboard; sourceTree = "<group>"; };
		537B9A1E22E6C06F002FF393 /* Assets.xcassets */ = {isa = PBXFileReference; lastKnownFileType = folder.assetcatalog; path = Assets.xcassets; sourceTree = "<group>"; };
		537B9A2122E6C06F002FF393 /* Base */ = {isa = PBXFileReference; lastKnownFileType = file.storyboard; name = Base; path = Base.lproj/LaunchScreen.storyboard; sourceTree = "<group>"; };
		537B9A2322E6C06F002FF393 /* Info.plist */ = {isa = PBXFileReference; lastKnownFileType = text.plist.xml; path = Info.plist; sourceTree = "<group>"; };
		53AB0F2A22EF6AEB00947AB1 /* RecordAudioViewController.swift */ = {isa = PBXFileReference; lastKnownFileType = sourcecode.swift; path = RecordAudioViewController.swift; sourceTree = "<group>"; };
		53E67B6722EA12DE006DA3AF /* User.swift */ = {isa = PBXFileReference; lastKnownFileType = sourcecode.swift; path = User.swift; sourceTree = "<group>"; };
		53E67B6922EA12E8006DA3AF /* UserController.swift */ = {isa = PBXFileReference; lastKnownFileType = sourcecode.swift; path = UserController.swift; sourceTree = "<group>"; };
		53E67B6B22EA133D006DA3AF /* Note.swift */ = {isa = PBXFileReference; lastKnownFileType = sourcecode.swift; path = Note.swift; sourceTree = "<group>"; };
		53E67B6D22EA1346006DA3AF /* NoteController.swift */ = {isa = PBXFileReference; lastKnownFileType = sourcecode.swift; path = NoteController.swift; sourceTree = "<group>"; };
		53E67B6F22EA2C6A006DA3AF /* LocationPopupViewController.swift */ = {isa = PBXFileReference; lastKnownFileType = sourcecode.swift; path = LocationPopupViewController.swift; sourceTree = "<group>"; };
		53E67B7122EA4080006DA3AF /* Hotine.swift */ = {isa = PBXFileReference; lastKnownFileType = sourcecode.swift; path = Hotine.swift; sourceTree = "<group>"; };
		53E67B7322EA5633006DA3AF /* HotlineController.swift */ = {isa = PBXFileReference; lastKnownFileType = sourcecode.swift; path = HotlineController.swift; sourceTree = "<group>"; };
		53E67B7522EB7734006DA3AF /* FirebaseController.swift */ = {isa = PBXFileReference; lastKnownFileType = sourcecode.swift; path = FirebaseController.swift; sourceTree = "<group>"; };
		53E67B7922EB886E006DA3AF /* GoogleService-Info.plist */ = {isa = PBXFileReference; fileEncoding = 4; lastKnownFileType = text.plist.xml; name = "GoogleService-Info.plist"; path = "../../../../../../../Downloads/GoogleService-Info.plist"; sourceTree = "<group>"; };
		92495763BE732032109CA624 /* Pods-Today.debug.xcconfig */ = {isa = PBXFileReference; includeInIndex = 1; lastKnownFileType = text.xcconfig; name = "Pods-Today.debug.xcconfig"; path = "Target Support Files/Pods-Today/Pods-Today.debug.xcconfig"; sourceTree = "<group>"; };
		955EA95FA1038E9ED048BFF4 /* Pods_Today.framework */ = {isa = PBXFileReference; explicitFileType = wrapper.framework; includeInIndex = 0; path = Pods_Today.framework; sourceTree = BUILT_PRODUCTS_DIR; };
/* End PBXFileReference section */

/* Begin PBXFrameworksBuildPhase section */
		537B9A1122E6C06E002FF393 /* Frameworks */ = {
			isa = PBXFrameworksBuildPhase;
			buildActionMask = 2147483647;
			files = (
				B31DEA967D356C1271023B9C /* Pods_Today.framework in Frameworks */,
			);
			runOnlyForDeploymentPostprocessing = 0;
		};
/* End PBXFrameworksBuildPhase section */

/* Begin PBXGroup section */
		533F5CED22F39EE300275DCE /* NotepadViews */ = {
			isa = PBXGroup;
			children = (
				533F5CE122F2621F00275DCE /* AddTodaysNoteViewController.swift */,
				53AB0F2A22EF6AEB00947AB1 /* RecordAudioViewController.swift */,
				5313C04122F1F0D100BD2039 /* RecorderViewController.swift */,
				5313C03F22F1F0C500BD2039 /* RecordingListViewController.swift */,
				533F5CE722F34AA000275DCE /* AudioVisualizerContainerView.swift */,
				533F5CDF22F25FA200275DCE /* PhotoSelectorViewController.swift */,
				533F5CF422F3B68200275DCE /* PhotosViewController.swift */,
				533F5CF622F3BDF300275DCE /* PhotoCollectionViewCell.swift */,
				533F5CF822F3C89B00275DCE /* PhotoPopupViewController.swift */,
			);
			path = NotepadViews;
			sourceTree = "<group>";
		};
		533F5CEE22F39EF300275DCE /* HelpViews */ = {
			isa = PBXGroup;
			children = (
				530AE23922ED071A000A7B1C /* HotlineListTableViewController.swift */,
				530AE23B22EDFB4F000A7B1C /* HotlineTableViewCell.swift */,
				530AE23D22EE3545000A7B1C /* LocationsViewController.swift */,
			);
			path = HelpViews;
			sourceTree = "<group>";
		};
		533F5CF122F3AF1700275DCE /* IntroViews */ = {
			isa = PBXGroup;
			children = (
				533F5CEF22F39F1C00275DCE /* SignInViewController.swift */,
			);
			path = IntroViews;
			sourceTree = "<group>";
		};
		537B9A0B22E6C06E002FF393 = {
			isa = PBXGroup;
			children = (
				537B9A1622E6C06E002FF393 /* Today */,
				537B9A1522E6C06E002FF393 /* Products */,
				5787FDAA30D393893DC0E7DD /* Pods */,
				A05AAF02AD09E6CD4AFFCF70 /* Frameworks */,
			);
			sourceTree = "<group>";
		};
		537B9A1522E6C06E002FF393 /* Products */ = {
			isa = PBXGroup;
			children = (
				537B9A1422E6C06E002FF393 /* Today.app */,
			);
			name = Products;
			sourceTree = "<group>";
		};
		537B9A1622E6C06E002FF393 /* Today */ = {
			isa = PBXGroup;
			children = (
				537B9A2D22E6C1BA002FF393 /* Models */,
				53E67B6622EA1296006DA3AF /* Controllers */,
				53E67B6522EA128A006DA3AF /* Views */,
				537B9A2922E6C186002FF393 /* Resources */,
				537B9A2322E6C06F002FF393 /* Info.plist */,
			);
			path = Today;
			sourceTree = "<group>";
		};
		537B9A2922E6C186002FF393 /* Resources */ = {
			isa = PBXGroup;
			children = (
				53E67B7922EB886E006DA3AF /* GoogleService-Info.plist */,
				537B9A1722E6C06E002FF393 /* AppDelegate.swift */,
				537B9A1E22E6C06F002FF393 /* Assets.xcassets */,
			);
			path = Resources;
			sourceTree = "<group>";
		};
		537B9A2A22E6C19A002FF393 /* Storyboards */ = {
			isa = PBXGroup;
			children = (
				537B9A1B22E6C06E002FF393 /* Main.storyboard */,
				537B9A2022E6C06F002FF393 /* LaunchScreen.storyboard */,
			);
			path = Storyboards;
			sourceTree = "<group>";
		};
		537B9A2B22E6C1A7002FF393 /* View Controllers */ = {
			isa = PBXGroup;
			children = (
				533F5CF122F3AF1700275DCE /* IntroViews */,
				533F5CED22F39EE300275DCE /* NotepadViews */,
				533F5CEE22F39EF300275DCE /* HelpViews */,
			);
			path = "View Controllers";
			sourceTree = "<group>";
		};
		537B9A2C22E6C1B0002FF393 /* Model Controllers */ = {
			isa = PBXGroup;
			children = (
				53E67B6922EA12E8006DA3AF /* UserController.swift */,
				53E67B6D22EA1346006DA3AF /* NoteController.swift */,
				53E67B7322EA5633006DA3AF /* HotlineController.swift */,
			);
			path = "Model Controllers";
			sourceTree = "<group>";
		};
		537B9A2D22E6C1BA002FF393 /* Models */ = {
			isa = PBXGroup;
			children = (
				53E67B6722EA12DE006DA3AF /* User.swift */,
				53E67B6B22EA133D006DA3AF /* Note.swift */,
				53E67B7122EA4080006DA3AF /* Hotine.swift */,
				533F5CFC22F3FF5A00275DCE /* Locations.swift */,
			);
			path = Models;
			sourceTree = "<group>";
		};
		53E67B6322EA1240006DA3AF /* Helpers+Extensions */ = {
			isa = PBXGroup;
			children = (
				53E67B7522EB7734006DA3AF /* FirebaseController.swift */,
				533F5CE522F34A2300275DCE /* Date+TimeFormatter.swift */,
				533F5CE922F34F5500275DCE /* CustomUIExtensions.swift */,
			);
			path = "Helpers+Extensions";
			sourceTree = "<group>";
		};
		53E67B6422EA1277006DA3AF /* CustomUI */ = {
			isa = PBXGroup;
			children = (
				533F5CEB22F395C100275DCE /* CustomSegues.swift */,
				53E67B6F22EA2C6A006DA3AF /* LocationPopupViewController.swift */,
			);
			path = CustomUI;
			sourceTree = "<group>";
		};
		53E67B6522EA128A006DA3AF /* Views */ = {
			isa = PBXGroup;
			children = (
				537B9A2A22E6C19A002FF393 /* Storyboards */,
				53E67B6422EA1277006DA3AF /* CustomUI */,
			);
			path = Views;
			sourceTree = "<group>";
		};
		53E67B6622EA1296006DA3AF /* Controllers */ = {
			isa = PBXGroup;
			children = (
				537B9A2C22E6C1B0002FF393 /* Model Controllers */,
				537B9A2B22E6C1A7002FF393 /* View Controllers */,
				53E67B6322EA1240006DA3AF /* Helpers+Extensions */,
			);
			path = Controllers;
			sourceTree = "<group>";
		};
		5787FDAA30D393893DC0E7DD /* Pods */ = {
			isa = PBXGroup;
			children = (
				92495763BE732032109CA624 /* Pods-Today.debug.xcconfig */,
				4810975F49F335030822E3AC /* Pods-Today.release.xcconfig */,
			);
			path = Pods;
			sourceTree = "<group>";
		};
		A05AAF02AD09E6CD4AFFCF70 /* Frameworks */ = {
			isa = PBXGroup;
			children = (
				955EA95FA1038E9ED048BFF4 /* Pods_Today.framework */,
			);
			name = Frameworks;
			sourceTree = "<group>";
		};
/* End PBXGroup section */

/* Begin PBXNativeTarget section */
		537B9A1322E6C06E002FF393 /* Today */ = {
			isa = PBXNativeTarget;
			buildConfigurationList = 537B9A2622E6C06F002FF393 /* Build configuration list for PBXNativeTarget "Today" */;
			buildPhases = (
				2A22022CE0FDF5CF04B37E54 /* [CP] Check Pods Manifest.lock */,
				537B9A1022E6C06E002FF393 /* Sources */,
				537B9A1122E6C06E002FF393 /* Frameworks */,
				537B9A1222E6C06E002FF393 /* Resources */,
				B51511E5F433C5C6C92D1240 /* [CP] Embed Pods Frameworks */,
			);
			buildRules = (
			);
			dependencies = (
			);
			name = Today;
			productName = Today;
			productReference = 537B9A1422E6C06E002FF393 /* Today.app */;
			productType = "com.apple.product-type.application";
		};
/* End PBXNativeTarget section */

/* Begin PBXProject section */
		537B9A0C22E6C06E002FF393 /* Project object */ = {
			isa = PBXProject;
			attributes = {
				LastSwiftUpdateCheck = 1030;
				LastUpgradeCheck = 1030;
				ORGANIZATIONNAME = "Madi S";
				TargetAttributes = {
					537B9A1322E6C06E002FF393 = {
						CreatedOnToolsVersion = 10.3;
					};
				};
			};
			buildConfigurationList = 537B9A0F22E6C06E002FF393 /* Build configuration list for PBXProject "Today" */;
			compatibilityVersion = "Xcode 9.3";
			developmentRegion = en;
			hasScannedForEncodings = 0;
			knownRegions = (
				en,
				Base,
			);
			mainGroup = 537B9A0B22E6C06E002FF393;
			productRefGroup = 537B9A1522E6C06E002FF393 /* Products */;
			projectDirPath = "";
			projectRoot = "";
			targets = (
				537B9A1322E6C06E002FF393 /* Today */,
			);
		};
/* End PBXProject section */

/* Begin PBXResourcesBuildPhase section */
		537B9A1222E6C06E002FF393 /* Resources */ = {
			isa = PBXResourcesBuildPhase;
			buildActionMask = 2147483647;
			files = (
				537B9A2222E6C06F002FF393 /* LaunchScreen.storyboard in Resources */,
				53E67B7A22EB886E006DA3AF /* GoogleService-Info.plist in Resources */,
				537B9A1F22E6C06F002FF393 /* Assets.xcassets in Resources */,
				537B9A1D22E6C06E002FF393 /* Main.storyboard in Resources */,
			);
			runOnlyForDeploymentPostprocessing = 0;
		};
/* End PBXResourcesBuildPhase section */

/* Begin PBXShellScriptBuildPhase section */
		2A22022CE0FDF5CF04B37E54 /* [CP] Check Pods Manifest.lock */ = {
			isa = PBXShellScriptBuildPhase;
			buildActionMask = 2147483647;
			files = (
			);
			inputFileListPaths = (
			);
			inputPaths = (
				"${PODS_PODFILE_DIR_PATH}/Podfile.lock",
				"${PODS_ROOT}/Manifest.lock",
			);
			name = "[CP] Check Pods Manifest.lock";
			outputFileListPaths = (
			);
			outputPaths = (
				"$(DERIVED_FILE_DIR)/Pods-Today-checkManifestLockResult.txt",
			);
			runOnlyForDeploymentPostprocessing = 0;
			shellPath = /bin/sh;
			shellScript = "diff \"${PODS_PODFILE_DIR_PATH}/Podfile.lock\" \"${PODS_ROOT}/Manifest.lock\" > /dev/null\nif [ $? != 0 ] ; then\n    # print error to STDERR\n    echo \"error: The sandbox is not in sync with the Podfile.lock. Run 'pod install' or update your CocoaPods installation.\" >&2\n    exit 1\nfi\n# This output is used by Xcode 'outputs' to avoid re-running this script phase.\necho \"SUCCESS\" > \"${SCRIPT_OUTPUT_FILE_0}\"\n";
			showEnvVarsInLog = 0;
		};
		B51511E5F433C5C6C92D1240 /* [CP] Embed Pods Frameworks */ = {
			isa = PBXShellScriptBuildPhase;
			buildActionMask = 2147483647;
			files = (
			);
			inputFileListPaths = (
				"${PODS_ROOT}/Target Support Files/Pods-Today/Pods-Today-frameworks-${CONFIGURATION}-input-files.xcfilelist",
			);
			name = "[CP] Embed Pods Frameworks";
			outputFileListPaths = (
				"${PODS_ROOT}/Target Support Files/Pods-Today/Pods-Today-frameworks-${CONFIGURATION}-output-files.xcfilelist",
			);
			runOnlyForDeploymentPostprocessing = 0;
			shellPath = /bin/sh;
			shellScript = "\"${PODS_ROOT}/Target Support Files/Pods-Today/Pods-Today-frameworks.sh\"\n";
			showEnvVarsInLog = 0;
		};
/* End PBXShellScriptBuildPhase section */

/* Begin PBXSourcesBuildPhase section */
		537B9A1022E6C06E002FF393 /* Sources */ = {
			isa = PBXSourcesBuildPhase;
			buildActionMask = 2147483647;
			files = (
				533F5CF022F39F1C00275DCE /* SignInViewController.swift in Sources */,
				533F5CEA22F34F5500275DCE /* CustomUIExtensions.swift in Sources */,
				533F5CEC22F395C100275DCE /* CustomSegues.swift in Sources */,
				53E67B7622EB7734006DA3AF /* FirebaseController.swift in Sources */,
				533F5CFD22F3FF5A00275DCE /* Locations.swift in Sources */,
				533F5CF922F3C89B00275DCE /* PhotoPopupViewController.swift in Sources */,
				530AE23C22EDFB4F000A7B1C /* HotlineTableViewCell.swift in Sources */,
				533F5CE022F25FA200275DCE /* PhotoSelectorViewController.swift in Sources */,
				5313C04022F1F0C500BD2039 /* RecordingListViewController.swift in Sources */,
				530AE23A22ED071A000A7B1C /* HotlineListTableViewController.swift in Sources */,
				53E67B7022EA2C6A006DA3AF /* LocationPopupViewController.swift in Sources */,
				53AB0F2B22EF6AEB00947AB1 /* RecordAudioViewController.swift in Sources */,
				533F5CE622F34A2300275DCE /* Date+TimeFormatter.swift in Sources */,
				533F5CE222F2621F00275DCE /* AddTodaysNoteViewController.swift in Sources */,
				533F5CF522F3B68200275DCE /* PhotosViewController.swift in Sources */,
				53E67B7422EA5633006DA3AF /* HotlineController.swift in Sources */,
				53E67B6A22EA12E8006DA3AF /* UserController.swift in Sources */,
				53E67B6822EA12DE006DA3AF /* User.swift in Sources */,
				537B9A1822E6C06E002FF393 /* AppDelegate.swift in Sources */,
				533F5CF722F3BDF300275DCE /* PhotoCollectionViewCell.swift in Sources */,
				53E67B7222EA4080006DA3AF /* Hotine.swift in Sources */,
				533F5CE822F34AA000275DCE /* AudioVisualizerContainerView.swift in Sources */,
				53E67B6C22EA133D006DA3AF /* Note.swift in Sources */,
				5313C04222F1F0D100BD2039 /* RecorderViewController.swift in Sources */,
				53E67B6E22EA1346006DA3AF /* NoteController.swift in Sources */,
				530AE23E22EE3545000A7B1C /* LocationsViewController.swift in Sources */,
			);
			runOnlyForDeploymentPostprocessing = 0;
		};
/* End PBXSourcesBuildPhase section */

/* Begin PBXVariantGroup section */
		537B9A1B22E6C06E002FF393 /* Main.storyboard */ = {
			isa = PBXVariantGroup;
			children = (
				537B9A1C22E6C06E002FF393 /* Base */,
			);
			name = Main.storyboard;
			sourceTree = "<group>";
		};
		537B9A2022E6C06F002FF393 /* LaunchScreen.storyboard */ = {
			isa = PBXVariantGroup;
			children = (
				537B9A2122E6C06F002FF393 /* Base */,
			);
			name = LaunchScreen.storyboard;
			sourceTree = "<group>";
		};
/* End PBXVariantGroup section */

/* Begin XCBuildConfiguration section */
		537B9A2422E6C06F002FF393 /* Debug */ = {
			isa = XCBuildConfiguration;
			buildSettings = {
				ALWAYS_SEARCH_USER_PATHS = NO;
				CLANG_ANALYZER_NONNULL = YES;
				CLANG_ANALYZER_NUMBER_OBJECT_CONVERSION = YES_AGGRESSIVE;
				CLANG_CXX_LANGUAGE_STANDARD = "gnu++14";
				CLANG_CXX_LIBRARY = "libc++";
				CLANG_ENABLE_MODULES = YES;
				CLANG_ENABLE_OBJC_ARC = YES;
				CLANG_ENABLE_OBJC_WEAK = YES;
				CLANG_WARN_BLOCK_CAPTURE_AUTORELEASING = YES;
				CLANG_WARN_BOOL_CONVERSION = YES;
				CLANG_WARN_COMMA = YES;
				CLANG_WARN_CONSTANT_CONVERSION = YES;
				CLANG_WARN_DEPRECATED_OBJC_IMPLEMENTATIONS = YES;
				CLANG_WARN_DIRECT_OBJC_ISA_USAGE = YES_ERROR;
				CLANG_WARN_DOCUMENTATION_COMMENTS = YES;
				CLANG_WARN_EMPTY_BODY = YES;
				CLANG_WARN_ENUM_CONVERSION = YES;
				CLANG_WARN_INFINITE_RECURSION = YES;
				CLANG_WARN_INT_CONVERSION = YES;
				CLANG_WARN_NON_LITERAL_NULL_CONVERSION = YES;
				CLANG_WARN_OBJC_IMPLICIT_RETAIN_SELF = YES;
				CLANG_WARN_OBJC_LITERAL_CONVERSION = YES;
				CLANG_WARN_OBJC_ROOT_CLASS = YES_ERROR;
				CLANG_WARN_RANGE_LOOP_ANALYSIS = YES;
				CLANG_WARN_STRICT_PROTOTYPES = YES;
				CLANG_WARN_SUSPICIOUS_MOVE = YES;
				CLANG_WARN_UNGUARDED_AVAILABILITY = YES_AGGRESSIVE;
				CLANG_WARN_UNREACHABLE_CODE = YES;
				CLANG_WARN__DUPLICATE_METHOD_MATCH = YES;
				CODE_SIGN_IDENTITY = "iPhone Developer";
				COPY_PHASE_STRIP = NO;
				DEBUG_INFORMATION_FORMAT = dwarf;
				ENABLE_STRICT_OBJC_MSGSEND = YES;
				ENABLE_TESTABILITY = YES;
				GCC_C_LANGUAGE_STANDARD = gnu11;
				GCC_DYNAMIC_NO_PIC = NO;
				GCC_NO_COMMON_BLOCKS = YES;
				GCC_OPTIMIZATION_LEVEL = 0;
				GCC_PREPROCESSOR_DEFINITIONS = (
					"DEBUG=1",
					"$(inherited)",
				);
				GCC_WARN_64_TO_32_BIT_CONVERSION = YES;
				GCC_WARN_ABOUT_RETURN_TYPE = YES_ERROR;
				GCC_WARN_UNDECLARED_SELECTOR = YES;
				GCC_WARN_UNINITIALIZED_AUTOS = YES_AGGRESSIVE;
				GCC_WARN_UNUSED_FUNCTION = YES;
				GCC_WARN_UNUSED_VARIABLE = YES;
				IPHONEOS_DEPLOYMENT_TARGET = 12.4;
				MTL_ENABLE_DEBUG_INFO = INCLUDE_SOURCE;
				MTL_FAST_MATH = YES;
				ONLY_ACTIVE_ARCH = YES;
				SDKROOT = iphoneos;
				SWIFT_ACTIVE_COMPILATION_CONDITIONS = DEBUG;
				SWIFT_OPTIMIZATION_LEVEL = "-Onone";
			};
			name = Debug;
		};
		537B9A2522E6C06F002FF393 /* Release */ = {
			isa = XCBuildConfiguration;
			buildSettings = {
				ALWAYS_SEARCH_USER_PATHS = NO;
				CLANG_ANALYZER_NONNULL = YES;
				CLANG_ANALYZER_NUMBER_OBJECT_CONVERSION = YES_AGGRESSIVE;
				CLANG_CXX_LANGUAGE_STANDARD = "gnu++14";
				CLANG_CXX_LIBRARY = "libc++";
				CLANG_ENABLE_MODULES = YES;
				CLANG_ENABLE_OBJC_ARC = YES;
				CLANG_ENABLE_OBJC_WEAK = YES;
				CLANG_WARN_BLOCK_CAPTURE_AUTORELEASING = YES;
				CLANG_WARN_BOOL_CONVERSION = YES;
				CLANG_WARN_COMMA = YES;
				CLANG_WARN_CONSTANT_CONVERSION = YES;
				CLANG_WARN_DEPRECATED_OBJC_IMPLEMENTATIONS = YES;
				CLANG_WARN_DIRECT_OBJC_ISA_USAGE = YES_ERROR;
				CLANG_WARN_DOCUMENTATION_COMMENTS = YES;
				CLANG_WARN_EMPTY_BODY = YES;
				CLANG_WARN_ENUM_CONVERSION = YES;
				CLANG_WARN_INFINITE_RECURSION = YES;
				CLANG_WARN_INT_CONVERSION = YES;
				CLANG_WARN_NON_LITERAL_NULL_CONVERSION = YES;
				CLANG_WARN_OBJC_IMPLICIT_RETAIN_SELF = YES;
				CLANG_WARN_OBJC_LITERAL_CONVERSION = YES;
				CLANG_WARN_OBJC_ROOT_CLASS = YES_ERROR;
				CLANG_WARN_RANGE_LOOP_ANALYSIS = YES;
				CLANG_WARN_STRICT_PROTOTYPES = YES;
				CLANG_WARN_SUSPICIOUS_MOVE = YES;
				CLANG_WARN_UNGUARDED_AVAILABILITY = YES_AGGRESSIVE;
				CLANG_WARN_UNREACHABLE_CODE = YES;
				CLANG_WARN__DUPLICATE_METHOD_MATCH = YES;
				CODE_SIGN_IDENTITY = "iPhone Developer";
				COPY_PHASE_STRIP = NO;
				DEBUG_INFORMATION_FORMAT = "dwarf-with-dsym";
				ENABLE_NS_ASSERTIONS = NO;
				ENABLE_STRICT_OBJC_MSGSEND = YES;
				GCC_C_LANGUAGE_STANDARD = gnu11;
				GCC_NO_COMMON_BLOCKS = YES;
				GCC_WARN_64_TO_32_BIT_CONVERSION = YES;
				GCC_WARN_ABOUT_RETURN_TYPE = YES_ERROR;
				GCC_WARN_UNDECLARED_SELECTOR = YES;
				GCC_WARN_UNINITIALIZED_AUTOS = YES_AGGRESSIVE;
				GCC_WARN_UNUSED_FUNCTION = YES;
				GCC_WARN_UNUSED_VARIABLE = YES;
				IPHONEOS_DEPLOYMENT_TARGET = 12.4;
				MTL_ENABLE_DEBUG_INFO = NO;
				MTL_FAST_MATH = YES;
				SDKROOT = iphoneos;
				SWIFT_COMPILATION_MODE = wholemodule;
				SWIFT_OPTIMIZATION_LEVEL = "-O";
				VALIDATE_PRODUCT = YES;
			};
			name = Release;
		};
		537B9A2722E6C06F002FF393 /* Debug */ = {
			isa = XCBuildConfiguration;
			baseConfigurationReference = 92495763BE732032109CA624 /* Pods-Today.debug.xcconfig */;
			buildSettings = {
				ASSETCATALOG_COMPILER_APPICON_NAME = AppIcon;
				CODE_SIGN_STYLE = Automatic;
				DEVELOPMENT_TEAM = 8MJ3MC3A9A;
				INFOPLIST_FILE = Today/Info.plist;
				LD_RUNPATH_SEARCH_PATHS = (
					"$(inherited)",
					"@executable_path/Frameworks",
				);
				PRODUCT_BUNDLE_IDENTIFIER = "Madi-S.Today";
				PRODUCT_NAME = "$(TARGET_NAME)";
				SWIFT_VERSION = 5.0;
				TARGETED_DEVICE_FAMILY = "1,2";
			};
			name = Debug;
		};
		537B9A2822E6C06F002FF393 /* Release */ = {
			isa = XCBuildConfiguration;
			baseConfigurationReference = 4810975F49F335030822E3AC /* Pods-Today.release.xcconfig */;
			buildSettings = {
				ASSETCATALOG_COMPILER_APPICON_NAME = AppIcon;
				CODE_SIGN_STYLE = Automatic;
				DEVELOPMENT_TEAM = 8MJ3MC3A9A;
				INFOPLIST_FILE = Today/Info.plist;
				LD_RUNPATH_SEARCH_PATHS = (
					"$(inherited)",
					"@executable_path/Frameworks",
				);
				PRODUCT_BUNDLE_IDENTIFIER = "Madi-S.Today";
				PRODUCT_NAME = "$(TARGET_NAME)";
				SWIFT_VERSION = 5.0;
				TARGETED_DEVICE_FAMILY = "1,2";
			};
			name = Release;
		};
/* End XCBuildConfiguration section */

/* Begin XCConfigurationList section */
		537B9A0F22E6C06E002FF393 /* Build configuration list for PBXProject "Today" */ = {
			isa = XCConfigurationList;
			buildConfigurations = (
				537B9A2422E6C06F002FF393 /* Debug */,
				537B9A2522E6C06F002FF393 /* Release */,
			);
			defaultConfigurationIsVisible = 0;
			defaultConfigurationName = Release;
		};
		537B9A2622E6C06F002FF393 /* Build configuration list for PBXNativeTarget "Today" */ = {
			isa = XCConfigurationList;
			buildConfigurations = (
				537B9A2722E6C06F002FF393 /* Debug */,
				537B9A2822E6C06F002FF393 /* Release */,
			);
			defaultConfigurationIsVisible = 0;
			defaultConfigurationName = Release;
		};
/* End XCConfigurationList section */
	};
	rootObject = 537B9A0C22E6C06E002FF393 /* Project object */;
}
